
Microsoft Visual Studio Solution File, Format Version 12.00
# Visual Studio Version 17
VisualStudioVersion = 17.9.34728.123
MinimumVisualStudioVersion = 10.0.40219.1
Project("{FAE04EC0-301F-11D3-BF4B-00C04F79EFBC}") = "ASP.NET", "ASP.NET\ASP.NET.csproj", "{B4E5EECD-88CC-4E67-8315-EEBA407BB4D5}"
EndProject
Global
	GlobalSection(SolutionConfigurationPlatforms) = preSolution
		Debug|Any CPU = Debug|Any CPU
		Release|Any CPU = Release|Any CPU
	EndGlobalSection
	GlobalSection(ProjectConfigurationPlatforms) = postSolution
		{B4E5EECD-88CC-4E67-8315-EEBA407BB4D5}.Debug|Any CPU.ActiveCfg = Debug|Any CPU
		{B4E5EECD-88CC-4E67-8315-EEBA407BB4D5}.Debug|Any CPU.Build.0 = Debug|Any CPU
		{B4E5EECD-88CC-4E67-8315-EEBA407BB4D5}.Release|Any CPU.ActiveCfg = Release|Any CPU
		{B4E5EECD-88CC-4E67-8315-EEBA407BB4D5}.Release|Any CPU.Build.0 = Release|Any CPU
	EndGlobalSection
	GlobalSection(SolutionProperties) = preSolution
		HideSolutionNode = FALSE
	EndGlobalSection
	GlobalSection(ExtensibilityGlobals) = postSolution
		SolutionGuid = {F6E6F71F-91D2-4237-89D6-9139C86EF6D0}
	EndGlobalSection
EndGlobal
